
Microsoft Visual Studio Solution File, Format Version 12.00
# Visual Studio Version 17
VisualStudioVersion = 17.11.35312.102
MinimumVisualStudioVersion = 10.0.40219.1
Project("{8BC9CEB8-8B4A-11D0-8D11-00A0C91BC942}") = "a2-1", "a2-1\a2-1.vcxproj", "{DF5EA2C1-6E71-437D-A4B0-D6126C3127BE}"
EndProject
Project("{8BC9CEB8-8B4A-11D0-8D11-00A0C91BC942}") = "a2-2", "a2-2\a2-2.vcxproj", "{47730872-99CA-42D6-9F7C-6A51937E7793}"
EndProject
Project("{8BC9CEB8-8B4A-11D0-8D11-00A0C91BC942}") = "a2-3", "a2-3\a2-3.vcxproj", "{CF00295E-73D2-43EA-A137-2262FD7F1025}"
EndProject
Project("{8BC9CEB8-8B4A-11D0-8D11-00A0C91BC942}") = "a2-4", "a2-4\a2-4.vcxproj", "{CB2ED133-F5AA-4B0E-B42B-8B036935E1E7}"
EndProject
Project("{8BC9CEB8-8B4A-11D0-8D11-00A0C91BC942}") = "a2-5", "a2-5\a2-5.vcxproj", "{4028D518-1F1B-4EBE-82AE-0276E791DB00}"
EndProject
Project("{8BC9CEB8-8B4A-11D0-8D11-00A0C91BC942}") = "a1-1", "a1-1\a1-1.vcxproj", "{35466816-F59B-4BDC-8922-33092CD60A86}"
EndProject
Project("{8BC9CEB8-8B4A-11D0-8D11-00A0C91BC942}") = "a1-2", "a1-2\a1-2.vcxproj", "{23DF3D0E-D20D-4361-B469-04BDDA21A355}"
EndProject
Project("{8BC9CEB8-8B4A-11D0-8D11-00A0C91BC942}") = "a1-3", "a1-3\a1-3.vcxproj", "{EE8D948E-86BD-4EDC-8A54-3CF303649A5F}"
EndProject
Project("{8BC9CEB8-8B4A-11D0-8D11-00A0C91BC942}") = "a1-4", "a1-4\a1-4.vcxproj", "{9DD24E0F-799C-427B-8977-499D799C1B17}"
EndProject
Project("{8BC9CEB8-8B4A-11D0-8D11-00A0C91BC942}") = "a1-5", "a1-5\a1-5.vcxproj", "{8B95B7BF-3A71-46C8-87CE-F1C2A701C159}"
EndProject
Project("{8BC9CEB8-8B4A-11D0-8D11-00A0C91BC942}") = "test", "test\test.vcxproj", "{D93ECF76-545B-42CB-AF09-617E79CD49FA}"
EndProject
Project("{8BC9CEB8-8B4A-11D0-8D11-00A0C91BC942}") = "a3-1", "a3-1\a3-1.vcxproj", "{A0492E06-1C7F-4571-84A7-23637405A9CD}"
EndProject
Project("{8BC9CEB8-8B4A-11D0-8D11-00A0C91BC942}") = "a3-2", "a3-2\a3-2.vcxproj", "{28F542C6-BC45-43CA-A688-FD3200C2E924}"
EndProject
Project("{8BC9CEB8-8B4A-11D0-8D11-00A0C91BC942}") = "a3-3", "a3-3\a3-3.vcxproj", "{623CFE56-823C-4A65-93A7-E54F52FCCC2A}"
EndProject
Project("{8BC9CEB8-8B4A-11D0-8D11-00A0C91BC942}") = "a3-4", "a3-4\a3-4.vcxproj", "{9060BE75-73F8-45AE-AE03-FB04BFB17D99}"
EndProject
Project("{8BC9CEB8-8B4A-11D0-8D11-00A0C91BC942}") = "gobang", "gobang\gobang.vcxproj", "{9A09EE78-D2D4-4F76-ACCA-C8AB09AE7439}"
EndProject
Global
	GlobalSection(SolutionConfigurationPlatforms) = preSolution
		Debug|x64 = Debug|x64
		Debug|x86 = Debug|x86
		Release|x64 = Release|x64
		Release|x86 = Release|x86
	EndGlobalSection
	GlobalSection(ProjectConfigurationPlatforms) = postSolution
		{DF5EA2C1-6E71-437D-A4B0-D6126C3127BE}.Debug|x64.ActiveCfg = Debug|x64
		{DF5EA2C1-6E71-437D-A4B0-D6126C3127BE}.Debug|x64.Build.0 = Debug|x64
		{DF5EA2C1-6E71-437D-A4B0-D6126C3127BE}.Debug|x86.ActiveCfg = Debug|Win32
		{DF5EA2C1-6E71-437D-A4B0-D6126C3127BE}.Debug|x86.Build.0 = Debug|Win32
		{DF5EA2C1-6E71-437D-A4B0-D6126C3127BE}.Release|x64.ActiveCfg = Release|x64
		{DF5EA2C1-6E71-437D-A4B0-D6126C3127BE}.Release|x64.Build.0 = Release|x64
		{DF5EA2C1-6E71-437D-A4B0-D6126C3127BE}.Release|x86.ActiveCfg = Release|Win32
		{DF5EA2C1-6E71-437D-A4B0-D6126C3127BE}.Release|x86.Build.0 = Release|Win32
		{47730872-99CA-42D6-9F7C-6A51937E7793}.Debug|x64.ActiveCfg = Debug|x64
		{47730872-99CA-42D6-9F7C-6A51937E7793}.Debug|x64.Build.0 = Debug|x64
		{47730872-99CA-42D6-9F7C-6A51937E7793}.Debug|x86.ActiveCfg = Debug|Win32
		{47730872-99CA-42D6-9F7C-6A51937E7793}.Debug|x86.Build.0 = Debug|Win32
		{47730872-99CA-42D6-9F7C-6A51937E7793}.Release|x64.ActiveCfg = Release|x64
		{47730872-99CA-42D6-9F7C-6A51937E7793}.Release|x64.Build.0 = Release|x64
		{47730872-99CA-42D6-9F7C-6A51937E7793}.Release|x86.ActiveCfg = Release|Win32
		{47730872-99CA-42D6-9F7C-6A51937E7793}.Release|x86.Build.0 = Release|Win32
		{CF00295E-73D2-43EA-A137-2262FD7F1025}.Debug|x64.ActiveCfg = Debug|x64
		{CF00295E-73D2-43EA-A137-2262FD7F1025}.Debug|x64.Build.0 = Debug|x64
		{CF00295E-73D2-43EA-A137-2262FD7F1025}.Debug|x86.ActiveCfg = Debug|Win32
		{CF00295E-73D2-43EA-A137-2262FD7F1025}.Debug|x86.Build.0 = Debug|Win32
		{CF00295E-73D2-43EA-A137-2262FD7F1025}.Release|x64.ActiveCfg = Release|x64
		{CF00295E-73D2-43EA-A137-2262FD7F1025}.Release|x64.Build.0 = Release|x64
		{CF00295E-73D2-43EA-A137-2262FD7F1025}.Release|x86.ActiveCfg = Release|Win32
		{CF00295E-73D2-43EA-A137-2262FD7F1025}.Release|x86.Build.0 = Release|Win32
		{CB2ED133-F5AA-4B0E-B42B-8B036935E1E7}.Debug|x64.ActiveCfg = Debug|x64
		{CB2ED133-F5AA-4B0E-B42B-8B036935E1E7}.Debug|x64.Build.0 = Debug|x64
		{CB2ED133-F5AA-4B0E-B42B-8B036935E1E7}.Debug|x86.ActiveCfg = Debug|Win32
		{CB2ED133-F5AA-4B0E-B42B-8B036935E1E7}.Debug|x86.Build.0 = Debug|Win32
		{CB2ED133-F5AA-4B0E-B42B-8B036935E1E7}.Release|x64.ActiveCfg = Release|x64
		{CB2ED133-F5AA-4B0E-B42B-8B036935E1E7}.Release|x64.Build.0 = Release|x64
		{CB2ED133-F5AA-4B0E-B42B-8B036935E1E7}.Release|x86.ActiveCfg = Release|Win32
		{CB2ED133-F5AA-4B0E-B42B-8B036935E1E7}.Release|x86.Build.0 = Release|Win32
		{4028D518-1F1B-4EBE-82AE-0276E791DB00}.Debug|x64.ActiveCfg = Debug|x64
		{4028D518-1F1B-4EBE-82AE-0276E791DB00}.Debug|x64.Build.0 = Debug|x64
		{4028D518-1F1B-4EBE-82AE-0276E791DB00}.Debug|x86.ActiveCfg = Debug|Win32
		{4028D518-1F1B-4EBE-82AE-0276E791DB00}.Debug|x86.Build.0 = Debug|Win32
		{4028D518-1F1B-4EBE-82AE-0276E791DB00}.Release|x64.ActiveCfg = Release|x64
		{4028D518-1F1B-4EBE-82AE-0276E791DB00}.Release|x64.Build.0 = Release|x64
		{4028D518-1F1B-4EBE-82AE-0276E791DB00}.Release|x86.ActiveCfg = Release|Win32
		{4028D518-1F1B-4EBE-82AE-0276E791DB00}.Release|x86.Build.0 = Release|Win32
		{35466816-F59B-4BDC-8922-33092CD60A86}.Debug|x64.ActiveCfg = Debug|x64
		{35466816-F59B-4BDC-8922-33092CD60A86}.Debug|x64.Build.0 = Debug|x64
		{35466816-F59B-4BDC-8922-33092CD60A86}.Debug|x86.ActiveCfg = Debug|Win32
		{35466816-F59B-4BDC-8922-33092CD60A86}.Debug|x86.Build.0 = Debug|Win32
		{35466816-F59B-4BDC-8922-33092CD60A86}.Release|x64.ActiveCfg = Release|x64
		{35466816-F59B-4BDC-8922-33092CD60A86}.Release|x64.Build.0 = Release|x64
		{35466816-F59B-4BDC-8922-33092CD60A86}.Release|x86.ActiveCfg = Release|Win32
		{35466816-F59B-4BDC-8922-33092CD60A86}.Release|x86.Build.0 = Release|Win32
		{23DF3D0E-D20D-4361-B469-04BDDA21A355}.Debug|x64.ActiveCfg = Debug|x64
		{23DF3D0E-D20D-4361-B469-04BDDA21A355}.Debug|x64.Build.0 = Debug|x64
		{23DF3D0E-D20D-4361-B469-04BDDA21A355}.Debug|x86.ActiveCfg = Debug|Win32
		{23DF3D0E-D20D-4361-B469-04BDDA21A355}.Debug|x86.Build.0 = Debug|Win32
		{23DF3D0E-D20D-4361-B469-04BDDA21A355}.Release|x64.ActiveCfg = Release|x64
		{23DF3D0E-D20D-4361-B469-04BDDA21A355}.Release|x64.Build.0 = Release|x64
		{23DF3D0E-D20D-4361-B469-04BDDA21A355}.Release|x86.ActiveCfg = Release|Win32
		{23DF3D0E-D20D-4361-B469-04BDDA21A355}.Release|x86.Build.0 = Release|Win32
		{EE8D948E-86BD-4EDC-8A54-3CF303649A5F}.Debug|x64.ActiveCfg = Debug|x64
		{EE8D948E-86BD-4EDC-8A54-3CF303649A5F}.Debug|x64.Build.0 = Debug|x64
		{EE8D948E-86BD-4EDC-8A54-3CF303649A5F}.Debug|x86.ActiveCfg = Debug|Win32
		{EE8D948E-86BD-4EDC-8A54-3CF303649A5F}.Debug|x86.Build.0 = Debug|Win32
		{EE8D948E-86BD-4EDC-8A54-3CF303649A5F}.Release|x64.ActiveCfg = Release|x64
		{EE8D948E-86BD-4EDC-8A54-3CF303649A5F}.Release|x64.Build.0 = Release|x64
		{EE8D948E-86BD-4EDC-8A54-3CF303649A5F}.Release|x86.ActiveCfg = Release|Win32
		{EE8D948E-86BD-4EDC-8A54-3CF303649A5F}.Release|x86.Build.0 = Release|Win32
		{9DD24E0F-799C-427B-8977-499D799C1B17}.Debug|x64.ActiveCfg = Debug|x64
		{9DD24E0F-799C-427B-8977-499D799C1B17}.Debug|x64.Build.0 = Debug|x64
		{9DD24E0F-799C-427B-8977-499D799C1B17}.Debug|x86.ActiveCfg = Debug|Win32
		{9DD24E0F-799C-427B-8977-499D799C1B17}.Debug|x86.Build.0 = Debug|Win32
		{9DD24E0F-799C-427B-8977-499D799C1B17}.Release|x64.ActiveCfg = Release|x64
		{9DD24E0F-799C-427B-8977-499D799C1B17}.Release|x64.Build.0 = Release|x64
		{9DD24E0F-799C-427B-8977-499D799C1B17}.Release|x86.ActiveCfg = Release|Win32
		{9DD24E0F-799C-427B-8977-499D799C1B17}.Release|x86.Build.0 = Release|Win32
		{8B95B7BF-3A71-46C8-87CE-F1C2A701C159}.Debug|x64.ActiveCfg = Debug|x64
		{8B95B7BF-3A71-46C8-87CE-F1C2A701C159}.Debug|x64.Build.0 = Debug|x64
		{8B95B7BF-3A71-46C8-87CE-F1C2A701C159}.Debug|x86.ActiveCfg = Debug|Win32
		{8B95B7BF-3A71-46C8-87CE-F1C2A701C159}.Debug|x86.Build.0 = Debug|Win32
		{8B95B7BF-3A71-46C8-87CE-F1C2A701C159}.Release|x64.ActiveCfg = Release|x64
		{8B95B7BF-3A71-46C8-87CE-F1C2A701C159}.Release|x64.Build.0 = Release|x64
		{8B95B7BF-3A71-46C8-87CE-F1C2A701C159}.Release|x86.ActiveCfg = Release|Win32
		{8B95B7BF-3A71-46C8-87CE-F1C2A701C159}.Release|x86.Build.0 = Release|Win32
		{D93ECF76-545B-42CB-AF09-617E79CD49FA}.Debug|x64.ActiveCfg = Debug|x64
		{D93ECF76-545B-42CB-AF09-617E79CD49FA}.Debug|x64.Build.0 = Debug|x64
		{D93ECF76-545B-42CB-AF09-617E79CD49FA}.Debug|x86.ActiveCfg = Debug|Win32
		{D93ECF76-545B-42CB-AF09-617E79CD49FA}.Debug|x86.Build.0 = Debug|Win32
		{D93ECF76-545B-42CB-AF09-617E79CD49FA}.Release|x64.ActiveCfg = Release|x64
		{D93ECF76-545B-42CB-AF09-617E79CD49FA}.Release|x64.Build.0 = Release|x64
		{D93ECF76-545B-42CB-AF09-617E79CD49FA}.Release|x86.ActiveCfg = Release|Win32
		{D93ECF76-545B-42CB-AF09-617E79CD49FA}.Release|x86.Build.0 = Release|Win32
		{A0492E06-1C7F-4571-84A7-23637405A9CD}.Debug|x64.ActiveCfg = Debug|x64
		{A0492E06-1C7F-4571-84A7-23637405A9CD}.Debug|x64.Build.0 = Debug|x64
		{A0492E06-1C7F-4571-84A7-23637405A9CD}.Debug|x86.ActiveCfg = Debug|Win32
		{A0492E06-1C7F-4571-84A7-23637405A9CD}.Debug|x86.Build.0 = Debug|Win32
		{A0492E06-1C7F-4571-84A7-23637405A9CD}.Release|x64.ActiveCfg = Release|x64
		{A0492E06-1C7F-4571-84A7-23637405A9CD}.Release|x64.Build.0 = Release|x64
		{A0492E06-1C7F-4571-84A7-23637405A9CD}.Release|x86.ActiveCfg = Release|Win32
		{A0492E06-1C7F-4571-84A7-23637405A9CD}.Release|x86.Build.0 = Release|Win32
		{28F542C6-BC45-43CA-A688-FD3200C2E924}.Debug|x64.ActiveCfg = Debug|x64
		{28F542C6-BC45-43CA-A688-FD3200C2E924}.Debug|x64.Build.0 = Debug|x64
		{28F542C6-BC45-43CA-A688-FD3200C2E924}.Debug|x86.ActiveCfg = Debug|Win32
		{28F542C6-BC45-43CA-A688-FD3200C2E924}.Debug|x86.Build.0 = Debug|Win32
		{28F542C6-BC45-43CA-A688-FD3200C2E924}.Release|x64.ActiveCfg = Release|x64
		{28F542C6-BC45-43CA-A688-FD3200C2E924}.Release|x64.Build.0 = Release|x64
		{28F542C6-BC45-43CA-A688-FD3200C2E924}.Release|x86.ActiveCfg = Release|Win32
		{28F542C6-BC45-43CA-A688-FD3200C2E924}.Release|x86.Build.0 = Release|Win32
		{623CFE56-823C-4A65-93A7-E54F52FCCC2A}.Debug|x64.ActiveCfg = Debug|x64
		{623CFE56-823C-4A65-93A7-E54F52FCCC2A}.Debug|x64.Build.0 = Debug|x64
		{623CFE56-823C-4A65-93A7-E54F52FCCC2A}.Debug|x86.ActiveCfg = Debug|Win32
		{623CFE56-823C-4A65-93A7-E54F52FCCC2A}.Debug|x86.Build.0 = Debug|Win32
		{623CFE56-823C-4A65-93A7-E54F52FCCC2A}.Release|x64.ActiveCfg = Release|x64
		{623CFE56-823C-4A65-93A7-E54F52FCCC2A}.Release|x64.Build.0 = Release|x64
		{623CFE56-823C-4A65-93A7-E54F52FCCC2A}.Release|x86.ActiveCfg = Release|Win32
		{623CFE56-823C-4A65-93A7-E54F52FCCC2A}.Release|x86.Build.0 = Release|Win32
		{9060BE75-73F8-45AE-AE03-FB04BFB17D99}.Debug|x64.ActiveCfg = Debug|x64
		{9060BE75-73F8-45AE-AE03-FB04BFB17D99}.Debug|x64.Build.0 = Debug|x64
		{9060BE75-73F8-45AE-AE03-FB04BFB17D99}.Debug|x86.ActiveCfg = Debug|Win32
		{9060BE75-73F8-45AE-AE03-FB04BFB17D99}.Debug|x86.Build.0 = Debug|Win32
		{9060BE75-73F8-45AE-AE03-FB04BFB17D99}.Release|x64.ActiveCfg = Release|x64
		{9060BE75-73F8-45AE-AE03-FB04BFB17D99}.Release|x64.Build.0 = Release|x64
		{9060BE75-73F8-45AE-AE03-FB04BFB17D99}.Release|x86.ActiveCfg = Release|Win32
		{9060BE75-73F8-45AE-AE03-FB04BFB17D99}.Release|x86.Build.0 = Release|Win32
		{9A09EE78-D2D4-4F76-ACCA-C8AB09AE7439}.Debug|x64.ActiveCfg = Debug|x64
		{9A09EE78-D2D4-4F76-ACCA-C8AB09AE7439}.Debug|x64.Build.0 = Debug|x64
		{9A09EE78-D2D4-4F76-ACCA-C8AB09AE7439}.Debug|x86.ActiveCfg = Debug|Win32
		{9A09EE78-D2D4-4F76-ACCA-C8AB09AE7439}.Debug|x86.Build.0 = Debug|Win32
		{9A09EE78-D2D4-4F76-ACCA-C8AB09AE7439}.Release|x64.ActiveCfg = Release|x64
		{9A09EE78-D2D4-4F76-ACCA-C8AB09AE7439}.Release|x64.Build.0 = Release|x64
		{9A09EE78-D2D4-4F76-ACCA-C8AB09AE7439}.Release|x86.ActiveCfg = Release|Win32
		{9A09EE78-D2D4-4F76-ACCA-C8AB09AE7439}.Release|x86.Build.0 = Release|Win32
	EndGlobalSection
	GlobalSection(SolutionProperties) = preSolution
		HideSolutionNode = FALSE
	EndGlobalSection
	GlobalSection(ExtensibilityGlobals) = postSolution
		SolutionGuid = {E9742D9B-A63F-48F2-BE26-AC60AF48E08C}
	EndGlobalSection
EndGlobal
